# THIS IS AN AUTOGENERATED FILE. DO NOT EDIT THIS FILE DIRECTLY.
# yarn lockfile v1


"@cloudflare/workers-types@^4.20240712.0":
  version "4.20240712.0"
  resolved "https://registry.yarnpkg.com/@cloudflare/workers-types/-/workers-types-4.20240712.0.tgz#c3d512eec5f72343ba95a9acee16787d9e184ed4"
  integrity sha512-C+C0ZnkRrxR2tPkZKAXwBsWEse7bWaA7iMbaG6IKaxaPTo/5ilx7Ei3BkI2izxmOJMsC05VS1eFUf95urXzhmw==

typescript@^5.5.3:
  version "5.5.3"
  resolved "https://registry.yarnpkg.com/typescript/-/typescript-5.5.3.tgz#e1b0a3c394190838a0b168e771b0ad56a0af0faa"
  integrity sha512-/hreyEujaB0w76zKo6717l3L0o/qEUtRgdvUBvlkhoWeOVMjMuHNHk0BRBzikzuGDqNmPQbg5ifMEqsHLiIUcQ==
