# THIS IS AN AUTOGENERATED FILE. DO NOT EDIT THIS FILE DIRECTLY.
# yarn lockfile v1


"@cloudflare/workers-types@^4.20230814.0":
  version "4.20230814.0"
  resolved "https://registry.yarnpkg.com/@cloudflare/workers-types/-/workers-types-4.20230814.0.tgz#7aadd4f600b1cf772a26160bd5ea836fa2aa42f6"
  integrity sha512-+jHiGjZg2UpULZSSHmHLqUG45TLg1s+uppSMlGvMn0u/xyFsRX9HX6b8Ydg/oHSp3jfSuPtX05GSvtgRAmrWTg==

typescript@^5.1.6:
  version "5.1.6"
  resolved "https://registry.yarnpkg.com/typescript/-/typescript-5.1.6.tgz#02f8ac202b6dad2c0dd5e0913745b47a37998274"
  integrity sha512-zaWCozRZ6DLEWAWFrVDz1H6FVXzUSfTy5FUMWsQlU8Ym5JP9eO4xkTIROFCQvhQf61z6O/G6ugw3SgAnvvm+HA==
