# THIS IS AN AUTOGENERATED FILE. DO NOT EDIT THIS FILE DIRECTLY.
# yarn lockfile v1


"@cloudflare/workers-types@^4.20230904.0":
  version "4.20230904.0"
  resolved "https://registry.yarnpkg.com/@cloudflare/workers-types/-/workers-types-4.20230904.0.tgz#80e3b2384d7425c0b696a7aa8cab1b3c5d09e45c"
  integrity sha512-IX4oJCe14ctblSPZBlW64BVZ9nYLUo6sD2I5gu3hX0ywByYWm1OuoKm9Xb/Zpbj8Ph18Z7Ryii6u2/ocnncXdA==

typescript@^5.2.2:
  version "5.2.2"
  resolved "https://registry.yarnpkg.com/typescript/-/typescript-5.2.2.tgz#5ebb5e5a5b75f085f22bc3f8460fba308310fa78"
  integrity sha512-mI4WrpHsbCIcwT9cF4FZvr80QUeKvsUsUvKDoR+X/7XHQH98xYD8YHZg7ANtz2GtZt/CBq2QJ0thkGJMHfqc1w==
